github.com/PelicanPlatform/classad v0.29.14 h1:8DHt6whdxGRaQqyqFubNVxgx6bmTD6h9sbGOH10Ijqw=
github.com/PelicanPlatform/classad v0.29.14/go.mod h1:PEBQZp1N+KqUcAPMWhHqdCq+P5OSEYT2V14SeiXVM04=
golang.org/x/sys v0.47.0 h1:o7XGOvZQCADBQQ4Y7VNq2dRWQR7JmOUW8Kxx4ZsNgWs=
golang.org/x/sys v0.47.0/go.mod h1:4GL1E5IUh+htKOUEOaiffhrAeqysfVGipDYzABqnCmw=
