github.com/PelicanPlatform/classad v0.8.0 h1:U2CV/k2iE+8DkwbApTfOb8ue76/E/m0UBXlmUKwyQzU=
github.com/PelicanPlatform/classad v0.8.0/go.mod h1:z1d5dXdX+1pxBi8f8Ab/yCX8zKyiLam9CtQHSykMlWQ=
golang.org/x/sys v0.47.0 h1:o7XGOvZQCADBQQ4Y7VNq2dRWQR7JmOUW8Kxx4ZsNgWs=
golang.org/x/sys v0.47.0/go.mod h1:4GL1E5IUh+htKOUEOaiffhrAeqysfVGipDYzABqnCmw=
